
Microsoft Visual Studio Solution File, Format Version 12.00
# Visual Studio Version 16
VisualStudioVersion = 16.0.31205.134
MinimumVisualStudioVersion = 10.0.40219.1
Project("{FAE04EC0-301F-11D3-BF4B-00C04F79EFBC}") = "FinancialDashboard", "FinancialDashboard\FinancialDashboard.csproj", "{7B6EAD8B-BDA3-427D-AF57-033F61CE6CDB}"
EndProject
Global
	GlobalSection(SolutionConfigurationPlatforms) = preSolution
		Debug|Any CPU = Debug|Any CPU
		Release|Any CPU = Release|Any CPU
	EndGlobalSection
	GlobalSection(ProjectConfigurationPlatforms) = postSolution
		{7B6EAD8B-BDA3-427D-AF57-033F61CE6CDB}.Debug|Any CPU.ActiveCfg = Debug|Any CPU
		{7B6EAD8B-BDA3-427D-AF57-033F61CE6CDB}.Debug|Any CPU.Build.0 = Debug|Any CPU
		{7B6EAD8B-BDA3-427D-AF57-033F61CE6CDB}.Release|Any CPU.ActiveCfg = Release|Any CPU
		{7B6EAD8B-BDA3-427D-AF57-033F61CE6CDB}.Release|Any CPU.Build.0 = Release|Any CPU
	EndGlobalSection
	GlobalSection(SolutionProperties) = preSolution
		HideSolutionNode = FALSE
	EndGlobalSection
	GlobalSection(ExtensibilityGlobals) = postSolution
		SolutionGuid = {9B318D93-76DA-4574-9FB5-34598E6D1D9C}
	EndGlobalSection
EndGlobal
